
Microsoft Visual Studio Solution File, Format Version 12.00
# Visual Studio 15
VisualStudioVersion = 15.0.28307.438
MinimumVisualStudioVersion = 10.0.40219.1
Project("{8BC9CEB8-8B4A-11D0-8D11-00A0C91BC942}") = "TestPractice2", "TestPractice2\TestPractice2.vcxproj", "{AF7E9ADB-A0C8-4221-A06C-4E8B7AB67861}"
EndProject
Global
	GlobalSection(SolutionConfigurationPlatforms) = preSolution
		Debug|x64 = Debug|x64
		Debug|x86 = Debug|x86
		Release|x64 = Release|x64
		Release|x86 = Release|x86
	EndGlobalSection
	GlobalSection(ProjectConfigurationPlatforms) = postSolution
		{AF7E9ADB-A0C8-4221-A06C-4E8B7AB67861}.Debug|x64.ActiveCfg = Debug|x64
		{AF7E9ADB-A0C8-4221-A06C-4E8B7AB67861}.Debug|x64.Build.0 = Debug|x64
		{AF7E9ADB-A0C8-4221-A06C-4E8B7AB67861}.Debug|x86.ActiveCfg = Debug|Win32
		{AF7E9ADB-A0C8-4221-A06C-4E8B7AB67861}.Debug|x86.Build.0 = Debug|Win32
		{AF7E9ADB-A0C8-4221-A06C-4E8B7AB67861}.Release|x64.ActiveCfg = Release|x64
		{AF7E9ADB-A0C8-4221-A06C-4E8B7AB67861}.Release|x64.Build.0 = Release|x64
		{AF7E9ADB-A0C8-4221-A06C-4E8B7AB67861}.Release|x86.ActiveCfg = Release|Win32
		{AF7E9ADB-A0C8-4221-A06C-4E8B7AB67861}.Release|x86.Build.0 = Release|Win32
	EndGlobalSection
	GlobalSection(SolutionProperties) = preSolution
		HideSolutionNode = FALSE
	EndGlobalSection
	GlobalSection(ExtensibilityGlobals) = postSolution
		SolutionGuid = {BCE7E622-B23E-4431-9FED-4F1366E89EEC}
	EndGlobalSection
EndGlobal
