
Microsoft Visual Studio Solution File, Format Version 12.00
# Visual Studio 15
VisualStudioVersion = 15.0.28307.438
MinimumVisualStudioVersion = 10.0.40219.1
Project("{8BC9CEB8-8B4A-11D0-8D11-00A0C91BC942}") = "Stack", "Stack\Stack.vcxproj", "{CFD43D09-CF60-4F94-A5DB-267B5DA07988}"
EndProject
Global
	GlobalSection(SolutionConfigurationPlatforms) = preSolution
		Debug|x64 = Debug|x64
		Debug|x86 = Debug|x86
		Release|x64 = Release|x64
		Release|x86 = Release|x86
	EndGlobalSection
	GlobalSection(ProjectConfigurationPlatforms) = postSolution
		{CFD43D09-CF60-4F94-A5DB-267B5DA07988}.Debug|x64.ActiveCfg = Debug|x64
		{CFD43D09-CF60-4F94-A5DB-267B5DA07988}.Debug|x64.Build.0 = Debug|x64
		{CFD43D09-CF60-4F94-A5DB-267B5DA07988}.Debug|x86.ActiveCfg = Debug|Win32
		{CFD43D09-CF60-4F94-A5DB-267B5DA07988}.Debug|x86.Build.0 = Debug|Win32
		{CFD43D09-CF60-4F94-A5DB-267B5DA07988}.Release|x64.ActiveCfg = Release|x64
		{CFD43D09-CF60-4F94-A5DB-267B5DA07988}.Release|x64.Build.0 = Release|x64
		{CFD43D09-CF60-4F94-A5DB-267B5DA07988}.Release|x86.ActiveCfg = Release|Win32
		{CFD43D09-CF60-4F94-A5DB-267B5DA07988}.Release|x86.Build.0 = Release|Win32
	EndGlobalSection
	GlobalSection(SolutionProperties) = preSolution
		HideSolutionNode = FALSE
	EndGlobalSection
	GlobalSection(ExtensibilityGlobals) = postSolution
		SolutionGuid = {A18A96F6-1C55-4B76-901E-B9609D3B7DA3}
	EndGlobalSection
EndGlobal
