
Microsoft Visual Studio Solution File, Format Version 12.00
# Visual Studio 15
VisualStudioVersion = 15.0.28307.438
MinimumVisualStudioVersion = 10.0.40219.1
Project("{8BC9CEB8-8B4A-11D0-8D11-00A0C91BC942}") = "Graphs2", "Graphs2\Graphs2.vcxproj", "{3BEECD3D-F913-4B29-A315-77AE66D26327}"
EndProject
Global
	GlobalSection(SolutionConfigurationPlatforms) = preSolution
		Debug|x64 = Debug|x64
		Debug|x86 = Debug|x86
		Release|x64 = Release|x64
		Release|x86 = Release|x86
	EndGlobalSection
	GlobalSection(ProjectConfigurationPlatforms) = postSolution
		{3BEECD3D-F913-4B29-A315-77AE66D26327}.Debug|x64.ActiveCfg = Debug|x64
		{3BEECD3D-F913-4B29-A315-77AE66D26327}.Debug|x64.Build.0 = Debug|x64
		{3BEECD3D-F913-4B29-A315-77AE66D26327}.Debug|x86.ActiveCfg = Debug|Win32
		{3BEECD3D-F913-4B29-A315-77AE66D26327}.Debug|x86.Build.0 = Debug|Win32
		{3BEECD3D-F913-4B29-A315-77AE66D26327}.Release|x64.ActiveCfg = Release|x64
		{3BEECD3D-F913-4B29-A315-77AE66D26327}.Release|x64.Build.0 = Release|x64
		{3BEECD3D-F913-4B29-A315-77AE66D26327}.Release|x86.ActiveCfg = Release|Win32
		{3BEECD3D-F913-4B29-A315-77AE66D26327}.Release|x86.Build.0 = Release|Win32
	EndGlobalSection
	GlobalSection(SolutionProperties) = preSolution
		HideSolutionNode = FALSE
	EndGlobalSection
	GlobalSection(ExtensibilityGlobals) = postSolution
		SolutionGuid = {853B6C06-5E1E-40F0-A757-02D5E2F40B7A}
	EndGlobalSection
EndGlobal
